# This file is generated by running "yarn install" inside your project.
# Manual changes might be lost - proceed with caution!

__metadata:
  version: 8
  cacheKey: 10c0

"@womorg/animated@npm:^1.0.0":
  version: 1.0.0
  resolution: "@womorg/animated@npm:1.0.0"
  checksum: 10c0/a88ee03ab2c409bac97cbc078d8631cb3eb16322e69e0ada13708c349192efb96c8185fc9a3088b5c004606cd1eb2efbc6f4fc172208c84e7df109e3b9c43cd2
  languageName: node
  linkType: hard

"@womorg/computing-machine@npm:^2.0.0":
  version: 2.0.0
  resolution: "@womorg/computing-machine@npm:2.0.0"
  dependencies:
    "@womorg/animated": "npm:^1.0.0"
    "@womorg/reimagined-enigma": "npm:^1.0.1"
  checksum: 10c0/df4c4e7b040ef586c6d2c4881aa9c5a385c266f0a372cca9a5bf8dacb8a310c508f74a65513386eeb395ead519790da71e197482c931d94e120a3cdb28813cc1
  languageName: node
  linkType: hard

"@womorg/literate-octo@workspace:.":
  version: 0.0.0-use.local
  resolution: "@womorg/literate-octo@workspace:."
  dependencies:
    "@womorg/animated": "npm:^1.0.0"
    "@womorg/computing-machine": "npm:^2.0.0"
    "@womorg/reimagined-enigma": "npm:^1.0.1"
    "@womorg/studious-telegram": "npm:^1.0.1"
  languageName: unknown
  linkType: soft

"@womorg/reimagined-enigma@npm:^1.0.1":
  version: 1.0.1
  resolution: "@womorg/reimagined-enigma@npm:1.0.1"
  dependencies:
    "@womorg/animated": "npm:^1.0.0"
  checksum: 10c0/a3f8b524d69283c362618fa9501a763b4aab81d9614291afdffea43df69b661e4bb0394b783e9e906fdd86ec1cfedafc7e5c12e2a32ffd1b4fd4885a416adc17
  languageName: node
  linkType: hard

"@womorg/studious-telegram@npm:^1.0.1":
  version: 1.0.1
  resolution: "@womorg/studious-telegram@npm:1.0.1"
  dependencies:
    "@womorg/animated": "npm:^1.0.0"
    "@womorg/reimagined-enigma": "npm:^1.0.1"
  checksum: 10c0/64472c3c168b20b70e30f309274c839d536cf9145357e886f018f83c87ebc782b6c26be25fccf3291badf137f5cfe8243bbd83c6341ff7f27d32b39c333f7a1b
  languageName: node
  linkType: hard
